dependencies:
- name: consul
  repository: https://helm.releases.hashicorp.com
  version: 0.49.0
- name: vault
  repository: https://helm.releases.hashicorp.com
  version: 0.22.0
- name: postgresql-ha
  repository: https://charts.bitnami.com/bitnami
  version: 10.0.3
- name: rabbitmq
  repository: https://charts.bitnami.com/bitnami
  version: 11.1.5
digest: sha256:29b768ee19959e0eda41281fff3093b7e8853ab82d2eace81e4a88e7fdfddf11
generated: "2023-06-21T16:12:10.710667+02:00"
