dependencies:
- name: consul
  repository: https://helm.releases.hashicorp.com
  version: 0.49.0
- name: vault
  repository: https://helm.releases.hashicorp.com
  version: 0.22.0
- name: postgresql-ha
  repository: https://charts.bitnami.com/bitnami
  version: 10.0.3
- name: rabbitmq
  repository: https://charts.bitnami.com/bitnami
  version: 11.1.5
digest: sha256:4e44fd084bb1f1c0503bca56acfab030cd18fe141de6a517e12335b3a973e095
generated: "2022-11-29T21:16:34.042331144Z"
