dependencies:
- name: consul
  repository: https://helm.releases.hashicorp.com
  version: 0.49.0
- name: vault
  repository: https://helm.releases.hashicorp.com
  version: 0.22.0
- name: postgresql-ha
  repository: https://charts.bitnami.com/bitnami
  version: 10.0.3
digest: sha256:b7d9ddd4c3dcd1c97190edb9d3d7df3fd11ace4fad515e4515da3e0cbe430be7
generated: "2022-11-12T17:58:54.638934237Z"
