dependencies:
- name: consul
  repository: https://helm.releases.hashicorp.com
  version: 0.49.0
- name: vault
  repository: https://helm.releases.hashicorp.com
  version: 0.22.0
- name: postgresql-ha
  repository: https://charts.bitnami.com/bitnami
  version: 10.0.3
- name: rabbitmq
  repository: https://charts.bitnami.com/bitnami
  version: 11.1.5
digest: sha256:3cdff17e53931004eceb76a2196b4193be7a5501999b7ea178909c3d3744cace
generated: "2023-06-29T19:32:02.808742+02:00"
